%{"earmark": {:hex, :earmark, "1.0.1", "2c2cd903bfdc3de3f189bd9a8d4569a075b88a8981ded9a0d95672f6e2b63141", [:mix], []},
  "ex_doc": {:git, "https://github.com/elixir-lang/ex_doc", "d5618937670708359437729d253ab56f4933bc9c", [ref: "d5618937670708359437729d253ab56f4933bc9c"]},
  "jds_math_ex": {:git, "https://github.com/jonnystorm/jds-math-elixir", "10d5cdf175b6a12b5ca9d97e4cb998e3324d6561", []},
  "linear_ex": {:git, "https://github.com/jonnystorm/linear-elixir", "a6a3dd8889d921878e8c01268fbad7714c599bd0", []}}
